
Microsoft Visual Studio Solution File, Format Version 12.00
# Visual Studio Version 16
VisualStudioVersion = 16.0.29920.165
MinimumVisualStudioVersion = 10.0.40219.1
Project("{FAE04EC0-301F-11D3-BF4B-00C04F79EFBC}") = "PlagueSpreading", "PlagueSpreading\PlagueSpreading.csproj", "{6AE031A7-4901-4FE3-87AA-4CC2E1C28018}"
EndProject
Global
	GlobalSection(SolutionConfigurationPlatforms) = preSolution
		Debug|Any CPU = Debug|Any CPU
		Release|Any CPU = Release|Any CPU
	EndGlobalSection
	GlobalSection(ProjectConfigurationPlatforms) = postSolution
		{6AE031A7-4901-4FE3-87AA-4CC2E1C28018}.Debug|Any CPU.ActiveCfg = Debug|Any CPU
		{6AE031A7-4901-4FE3-87AA-4CC2E1C28018}.Debug|Any CPU.Build.0 = Debug|Any CPU
		{6AE031A7-4901-4FE3-87AA-4CC2E1C28018}.Release|Any CPU.ActiveCfg = Release|Any CPU
		{6AE031A7-4901-4FE3-87AA-4CC2E1C28018}.Release|Any CPU.Build.0 = Release|Any CPU
	EndGlobalSection
	GlobalSection(SolutionProperties) = preSolution
		HideSolutionNode = FALSE
	EndGlobalSection
	GlobalSection(ExtensibilityGlobals) = postSolution
		SolutionGuid = {56CE4F95-BC12-4819-B1C7-1CA7D445D159}
	EndGlobalSection
EndGlobal
